
Microsoft Visual Studio Solution File, Format Version 12.00
# Visual Studio Version 17
VisualStudioVersion = 17.1.32414.318
MinimumVisualStudioVersion = 10.0.40219.1
Project("{FAE04EC0-301F-11D3-BF4B-00C04F79EFBC}") = "Backend", "Backend.csproj", "{A0C7C744-5797-4081-BBD0-6D7A8F48EA01}"
EndProject
Global
	GlobalSection(SolutionConfigurationPlatforms) = preSolution
		Debug|Any CPU = Debug|Any CPU
		Release|Any CPU = Release|Any CPU
	EndGlobalSection
	GlobalSection(ProjectConfigurationPlatforms) = postSolution
		{A0C7C744-5797-4081-BBD0-6D7A8F48EA01}.Debug|Any CPU.ActiveCfg = Debug|Any CPU
		{A0C7C744-5797-4081-BBD0-6D7A8F48EA01}.Debug|Any CPU.Build.0 = Debug|Any CPU
		{A0C7C744-5797-4081-BBD0-6D7A8F48EA01}.Release|Any CPU.ActiveCfg = Release|Any CPU
		{A0C7C744-5797-4081-BBD0-6D7A8F48EA01}.Release|Any CPU.Build.0 = Release|Any CPU
	EndGlobalSection
	GlobalSection(SolutionProperties) = preSolution
		HideSolutionNode = FALSE
	EndGlobalSection
	GlobalSection(ExtensibilityGlobals) = postSolution
		SolutionGuid = {0D196916-1B89-471F-86E2-50E04CE89724}
	EndGlobalSection
EndGlobal
